
Microsoft Visual Studio Solution File, Format Version 12.00
# Visual Studio 15
VisualStudioVersion = 15.0.27703.2018
MinimumVisualStudioVersion = 10.0.40219.1
Project("{888888A0-9F3D-457C-B088-3A5042F75D52}") = "assign9-1", "assign9-1\assign9-1.pyproj", "{9210CC4E-54D2-4052-8161-639ABADB6BF0}"
EndProject
Global
	GlobalSection(SolutionConfigurationPlatforms) = preSolution
		Debug|Any CPU = Debug|Any CPU
		Release|Any CPU = Release|Any CPU
	EndGlobalSection
	GlobalSection(ProjectConfigurationPlatforms) = postSolution
		{9210CC4E-54D2-4052-8161-639ABADB6BF0}.Debug|Any CPU.ActiveCfg = Debug|Any CPU
		{9210CC4E-54D2-4052-8161-639ABADB6BF0}.Release|Any CPU.ActiveCfg = Release|Any CPU
	EndGlobalSection
	GlobalSection(SolutionProperties) = preSolution
		HideSolutionNode = FALSE
	EndGlobalSection
	GlobalSection(ExtensibilityGlobals) = postSolution
		SolutionGuid = {8DC67933-117F-4C65-A5A0-A4AD768BEEF6}
	EndGlobalSection
EndGlobal
