
Microsoft Visual Studio Solution File, Format Version 12.00
# Visual Studio 15
VisualStudioVersion = 15.0.27428.1
MinimumVisualStudioVersion = 10.0.40219.1
Project("{888888A0-9F3D-457C-B088-3A5042F75D52}") = "assign2", "assign2\assign2.pyproj", "{97C2F365-4778-413A-A76A-A6362E0D5561}"
EndProject
Global
	GlobalSection(SolutionConfigurationPlatforms) = preSolution
		Debug|Any CPU = Debug|Any CPU
		Release|Any CPU = Release|Any CPU
	EndGlobalSection
	GlobalSection(ProjectConfigurationPlatforms) = postSolution
		{97C2F365-4778-413A-A76A-A6362E0D5561}.Debug|Any CPU.ActiveCfg = Debug|Any CPU
		{97C2F365-4778-413A-A76A-A6362E0D5561}.Release|Any CPU.ActiveCfg = Release|Any CPU
	EndGlobalSection
	GlobalSection(SolutionProperties) = preSolution
		HideSolutionNode = FALSE
	EndGlobalSection
	GlobalSection(ExtensibilityGlobals) = postSolution
		SolutionGuid = {E2B34A71-7B75-4F11-8F7E-D96D7D9A5455}
	EndGlobalSection
EndGlobal
