
Microsoft Visual Studio Solution File, Format Version 12.00
# Visual Studio 15
VisualStudioVersion = 15.0.27428.2015
MinimumVisualStudioVersion = 10.0.40219.1
Project("{888888A0-9F3D-457C-B088-3A5042F75D52}") = "assign3-2", "assign3-2\assign3-2.pyproj", "{19BF8ADC-7859-46DC-8B0D-7471F9F8698E}"
EndProject
Global
	GlobalSection(SolutionConfigurationPlatforms) = preSolution
		Debug|Any CPU = Debug|Any CPU
		Release|Any CPU = Release|Any CPU
	EndGlobalSection
	GlobalSection(ProjectConfigurationPlatforms) = postSolution
		{19BF8ADC-7859-46DC-8B0D-7471F9F8698E}.Debug|Any CPU.ActiveCfg = Debug|Any CPU
		{19BF8ADC-7859-46DC-8B0D-7471F9F8698E}.Release|Any CPU.ActiveCfg = Release|Any CPU
	EndGlobalSection
	GlobalSection(SolutionProperties) = preSolution
		HideSolutionNode = FALSE
	EndGlobalSection
	GlobalSection(ExtensibilityGlobals) = postSolution
		SolutionGuid = {DECC020F-B8F8-475D-B6C0-8031B8C2DEE7}
	EndGlobalSection
EndGlobal
