
Microsoft Visual Studio Solution File, Format Version 12.00
# Visual Studio 15
VisualStudioVersion = 15.0.27428.2043
MinimumVisualStudioVersion = 10.0.40219.1
Project("{888888A0-9F3D-457C-B088-3A5042F75D52}") = "assign7-2", "assign7-2\assign7-2.pyproj", "{DC589C89-780C-4571-9D1F-A4BBA764352B}"
EndProject
Global
	GlobalSection(SolutionConfigurationPlatforms) = preSolution
		Debug|Any CPU = Debug|Any CPU
		Release|Any CPU = Release|Any CPU
	EndGlobalSection
	GlobalSection(ProjectConfigurationPlatforms) = postSolution
		{DC589C89-780C-4571-9D1F-A4BBA764352B}.Debug|Any CPU.ActiveCfg = Debug|Any CPU
		{DC589C89-780C-4571-9D1F-A4BBA764352B}.Release|Any CPU.ActiveCfg = Release|Any CPU
	EndGlobalSection
	GlobalSection(SolutionProperties) = preSolution
		HideSolutionNode = FALSE
	EndGlobalSection
	GlobalSection(ExtensibilityGlobals) = postSolution
		SolutionGuid = {8430DAB8-F9FE-42FB-829C-E75EF61E0B49}
	EndGlobalSection
EndGlobal
