
Microsoft Visual Studio Solution File, Format Version 12.00
# Visual Studio 15
VisualStudioVersion = 15.0.27428.2043
MinimumVisualStudioVersion = 10.0.40219.1
Project("{888888A0-9F3D-457C-B088-3A5042F75D52}") = "assign7-1", "assign7-1\assign7-1.pyproj", "{2CA88B01-1740-4333-ACA9-0697D1B70989}"
EndProject
Global
	GlobalSection(SolutionConfigurationPlatforms) = preSolution
		Debug|Any CPU = Debug|Any CPU
		Release|Any CPU = Release|Any CPU
	EndGlobalSection
	GlobalSection(ProjectConfigurationPlatforms) = postSolution
		{2CA88B01-1740-4333-ACA9-0697D1B70989}.Debug|Any CPU.ActiveCfg = Debug|Any CPU
		{2CA88B01-1740-4333-ACA9-0697D1B70989}.Release|Any CPU.ActiveCfg = Release|Any CPU
	EndGlobalSection
	GlobalSection(SolutionProperties) = preSolution
		HideSolutionNode = FALSE
	EndGlobalSection
	GlobalSection(ExtensibilityGlobals) = postSolution
		SolutionGuid = {F6ED8AA5-5971-469B-8B4D-993C07DA6D4C}
	EndGlobalSection
EndGlobal
