
Microsoft Visual Studio Solution File, Format Version 12.00
# Visual Studio 15
VisualStudioVersion = 15.0.27428.2037
MinimumVisualStudioVersion = 10.0.40219.1
Project("{888888A0-9F3D-457C-B088-3A5042F75D52}") = "assign4-advanced", "assign4-advanced\assign4-advanced.pyproj", "{DF916F63-7B9B-4E73-8C6C-2F6185180517}"
EndProject
Global
	GlobalSection(SolutionConfigurationPlatforms) = preSolution
		Debug|Any CPU = Debug|Any CPU
		Release|Any CPU = Release|Any CPU
	EndGlobalSection
	GlobalSection(ProjectConfigurationPlatforms) = postSolution
		{DF916F63-7B9B-4E73-8C6C-2F6185180517}.Debug|Any CPU.ActiveCfg = Debug|Any CPU
		{DF916F63-7B9B-4E73-8C6C-2F6185180517}.Release|Any CPU.ActiveCfg = Release|Any CPU
	EndGlobalSection
	GlobalSection(SolutionProperties) = preSolution
		HideSolutionNode = FALSE
	EndGlobalSection
	GlobalSection(ExtensibilityGlobals) = postSolution
		SolutionGuid = {E81EED8A-2A0B-46DD-B58C-521A3C34E33E}
	EndGlobalSection
EndGlobal
