
Microsoft Visual Studio Solution File, Format Version 12.00
# Visual Studio 15
VisualStudioVersion = 15.0.27428.1
MinimumVisualStudioVersion = 10.0.40219.1
Project("{888888A0-9F3D-457C-B088-3A5042F75D52}") = "assign1", "assign1\assign1.pyproj", "{A9C25BE5-B338-4644-A135-3BF434DF5DF4}"
EndProject
Global
	GlobalSection(SolutionConfigurationPlatforms) = preSolution
		Debug|Any CPU = Debug|Any CPU
		Release|Any CPU = Release|Any CPU
	EndGlobalSection
	GlobalSection(ProjectConfigurationPlatforms) = postSolution
		{A9C25BE5-B338-4644-A135-3BF434DF5DF4}.Debug|Any CPU.ActiveCfg = Debug|Any CPU
		{A9C25BE5-B338-4644-A135-3BF434DF5DF4}.Release|Any CPU.ActiveCfg = Release|Any CPU
	EndGlobalSection
	GlobalSection(SolutionProperties) = preSolution
		HideSolutionNode = FALSE
	EndGlobalSection
	GlobalSection(ExtensibilityGlobals) = postSolution
		SolutionGuid = {4DBB4B68-4D55-4576-8FD0-B633474DC5B5}
	EndGlobalSection
EndGlobal
